// !$*UTF8*$!
{
	archiveVersion = 1;
	classes = {
	};
	objectVersion = 70;
	objects = {

/* Begin PBXBuildFile section */
		58009CBF2CE77A76005FE4A8 /* StartData.swift in Sources */ = {isa = PBXBuildFile; fileRef = 58009CBE2CE77A76005FE4A8 /* StartData.swift */; };
		58245C782BE515BE00F4179E /* ShareSheet.swift in Sources */ = {isa = PBXBuildFile; fileRef = 58245C772BE515BE00F4179E /* ShareSheet.swift */; };
		583B4A592D881523000F7FD6 /* RecipePreviewView.swift in Sources */ = {isa = PBXBuildFile; fileRef = 583B4A582D881523000F7FD6 /* RecipePreviewView.swift */; };
		5854E8932BD3E11300682265 /* iOS.swift in Sources */ = {isa = PBXBuildFile; fileRef = 5854E8922BD3E11300682265 /* iOS.swift */; };
		585ED7FB2D16D4AD0038C464 /* NutritionFacts+CoreDataClass.swift in Sources */ = {isa = PBXBuildFile; fileRef = 585ED7EF2D16D4AD0038C464 /* NutritionFacts+CoreDataClass.swift */; };
		585ED7FC2D16D4AD0038C464 /* NutritionFacts+CoreDataProperties.swift in Sources */ = {isa = PBXBuildFile; fileRef = 585ED7F02D16D4AD0038C464 /* NutritionFacts+CoreDataProperties.swift */; };
		585ED7FD2D16D4AD0038C464 /* Recipebook+CoreDataClass.swift in Sources */ = {isa = PBXBuildFile; fileRef = 585ED7F12D16D4AD0038C464 /* Recipebook+CoreDataClass.swift */; };
		585ED7FE2D16D4AD0038C464 /* Recipebook+CoreDataProperties.swift in Sources */ = {isa = PBXBuildFile; fileRef = 585ED7F22D16D4AD0038C464 /* Recipebook+CoreDataProperties.swift */; };
		585ED7FF2D16D4AD0038C464 /* Recipes+CoreDataClass.swift in Sources */ = {isa = PBXBuildFile; fileRef = 585ED7F32D16D4AD0038C464 /* Recipes+CoreDataClass.swift */; };
		585ED8002D16D4AD0038C464 /* Recipes+CoreDataProperties.swift in Sources */ = {isa = PBXBuildFile; fileRef = 585ED7F42D16D4AD0038C464 /* Recipes+CoreDataProperties.swift */; };
		585ED8012D16D4AD0038C464 /* Tag+CoreDataClass.swift in Sources */ = {isa = PBXBuildFile; fileRef = 585ED7F52D16D4AD0038C464 /* Tag+CoreDataClass.swift */; };
		585ED8022D16D4AD0038C464 /* Tag+CoreDataProperties.swift in Sources */ = {isa = PBXBuildFile; fileRef = 585ED7F62D16D4AD0038C464 /* Tag+CoreDataProperties.swift */; };
		585ED8092D16D78F0038C464 /* Food+CoreDataClass.swift in Sources */ = {isa = PBXBuildFile; fileRef = 585ED8072D16D78F0038C464 /* Food+CoreDataClass.swift */; };
		585ED80A2D16D78F0038C464 /* Food+CoreDataProperties.swift in Sources */ = {isa = PBXBuildFile; fileRef = 585ED8082D16D78F0038C464 /* Food+CoreDataProperties.swift */; };
		585ED80C2D16DB4D0038C464 /* Rezeptbuch.sqlite in Resources */ = {isa = PBXBuildFile; fileRef = 585ED80B2D16DB4D0038C464 /* Rezeptbuch.sqlite */; };
		586AC7952BD9460E0060B08D /* textFieldArlert.swift in Sources */ = {isa = PBXBuildFile; fileRef = 586AC7942BD9460E0060B08D /* textFieldArlert.swift */; };
		586AC7982BDA4D480060B08D /* Model.xcdatamodeld in Sources */ = {isa = PBXBuildFile; fileRef = 586AC7962BDA4D480060B08D /* Model.xcdatamodeld */; };
		588222A62D05BC9E0011FFFE /* TagsSectionView.swift in Sources */ = {isa = PBXBuildFile; fileRef = 588222A52D05BC9E0011FFFE /* TagsSectionView.swift */; };
		588251D12B99E106009370CF /* RezeptbuchApp.swift in Sources */ = {isa = PBXBuildFile; fileRef = 588251D02B99E106009370CF /* RezeptbuchApp.swift */; };
		588251D32B99E106009370CF /* Persistence.swift in Sources */ = {isa = PBXBuildFile; fileRef = 588251D22B99E106009370CF /* Persistence.swift */; };
		588251D82B99E106009370CF /* ContentView.swift in Sources */ = {isa = PBXBuildFile; fileRef = 588251D72B99E106009370CF /* ContentView.swift */; };
		588251DA2B99E10A009370CF /* Assets.xcassets in Resources */ = {isa = PBXBuildFile; fileRef = 588251D92B99E10A009370CF /* Assets.xcassets */; };
		588251DE2B99E10A009370CF /* Preview Assets.xcassets in Resources */ = {isa = PBXBuildFile; fileRef = 588251DD2B99E10A009370CF /* Preview Assets.xcassets */; };
		588BD3F72BC176610053904B /* CoreDataManager.swift in Sources */ = {isa = PBXBuildFile; fileRef = 588BD3F62BC176610053904B /* CoreDataManager.swift */; };
		58A204042BB709F800659D63 /* Model.swift in Sources */ = {isa = PBXBuildFile; fileRef = 58A204032BB709F800659D63 /* Model.swift */; };
		58AF20722BA58CDA00298B4A /* MacOs.swift in Sources */ = {isa = PBXBuildFile; fileRef = 58AF20712BA58CDA00298B4A /* MacOs.swift */; };
		58AF20972BB6D97100298B4A /* CookingModeView.swift in Sources */ = {isa = PBXBuildFile; fileRef = 58AF20962BB6D97000298B4A /* CookingModeView.swift */; };
		58B8EA2E2CF3536A006F7CC3 /* DatabaseHelper.swift in Sources */ = {isa = PBXBuildFile; fileRef = 58B8EA2D2CF3536A006F7CC3 /* DatabaseHelper.swift */; };
		58C765EF2B9E2510001E6068 /* ViewController.swift in Sources */ = {isa = PBXBuildFile; fileRef = 58C765EE2B9E2510001E6068 /* ViewController.swift */; };
		58C765F32B9F0385001E6068 /* Buttons.swift in Sources */ = {isa = PBXBuildFile; fileRef = 58C765F22B9F0385001E6068 /* Buttons.swift */; };
		58C765F52B9F0415001E6068 /* ViewModel.swift in Sources */ = {isa = PBXBuildFile; fileRef = 58C765F42B9F0415001E6068 /* ViewModel.swift */; };
		58C765F72B9F185B001E6068 /* RezeptListView.swift in Sources */ = {isa = PBXBuildFile; fileRef = 58C765F62B9F185B001E6068 /* RezeptListView.swift */; };
		58E3175E2DAD47C800499E7C /* FoodItem+CoreDataProperties.swift in Sources */ = {isa = PBXBuildFile; fileRef = 58E3175D2DAD47C800499E7C /* FoodItem+CoreDataProperties.swift */; };
		58E3175F2DAD47C800499E7C /* FoodItem+CoreDataClass.swift in Sources */ = {isa = PBXBuildFile; fileRef = 58E3175C2DAD47C800499E7C /* FoodItem+CoreDataClass.swift */; };
/* End PBXBuildFile section */

/* Begin PBXFileReference section */
		58009CBE2CE77A76005FE4A8 /* StartData.swift */ = {isa = PBXFileReference; lastKnownFileType = sourcecode.swift; path = StartData.swift; sourceTree = "<group>"; };
		58245C772BE515BE00F4179E /* ShareSheet.swift */ = {isa = PBXFileReference; lastKnownFileType = sourcecode.swift; path = ShareSheet.swift; sourceTree = "<group>"; };
		583B4A582D881523000F7FD6 /* RecipePreviewView.swift */ = {isa = PBXFileReference; lastKnownFileType = sourcecode.swift; path = RecipePreviewView.swift; sourceTree = "<group>"; };
		5854E8922BD3E11300682265 /* iOS.swift */ = {isa = PBXFileReference; lastKnownFileType = sourcecode.swift; path = iOS.swift; sourceTree = "<group>"; };
		585ED7EF2D16D4AD0038C464 /* NutritionFacts+CoreDataClass.swift */ = {isa = PBXFileReference; lastKnownFileType = sourcecode.swift; path = "NutritionFacts+CoreDataClass.swift"; sourceTree = "<group>"; };
		585ED7F02D16D4AD0038C464 /* NutritionFacts+CoreDataProperties.swift */ = {isa = PBXFileReference; lastKnownFileType = sourcecode.swift; path = "NutritionFacts+CoreDataProperties.swift"; sourceTree = "<group>"; };
		585ED7F12D16D4AD0038C464 /* Recipebook+CoreDataClass.swift */ = {isa = PBXFileReference; lastKnownFileType = sourcecode.swift; path = "Recipebook+CoreDataClass.swift"; sourceTree = "<group>"; };
		585ED7F22D16D4AD0038C464 /* Recipebook+CoreDataProperties.swift */ = {isa = PBXFileReference; lastKnownFileType = sourcecode.swift; path = "Recipebook+CoreDataProperties.swift"; sourceTree = "<group>"; };
		585ED7F32D16D4AD0038C464 /* Recipes+CoreDataClass.swift */ = {isa = PBXFileReference; lastKnownFileType = sourcecode.swift; path = "Recipes+CoreDataClass.swift"; sourceTree = "<group>"; };
		585ED7F42D16D4AD0038C464 /* Recipes+CoreDataProperties.swift */ = {isa = PBXFileReference; lastKnownFileType = sourcecode.swift; path = "Recipes+CoreDataProperties.swift"; sourceTree = "<group>"; };
		585ED7F52D16D4AD0038C464 /* Tag+CoreDataClass.swift */ = {isa = PBXFileReference; lastKnownFileType = sourcecode.swift; path = "Tag+CoreDataClass.swift"; sourceTree = "<group>"; };
		585ED7F62D16D4AD0038C464 /* Tag+CoreDataProperties.swift */ = {isa = PBXFileReference; lastKnownFileType = sourcecode.swift; path = "Tag+CoreDataProperties.swift"; sourceTree = "<group>"; };
		585ED8072D16D78F0038C464 /* Food+CoreDataClass.swift */ = {isa = PBXFileReference; lastKnownFileType = sourcecode.swift; path = "Food+CoreDataClass.swift"; sourceTree = "<group>"; };
		585ED8082D16D78F0038C464 /* Food+CoreDataProperties.swift */ = {isa = PBXFileReference; lastKnownFileType = sourcecode.swift; path = "Food+CoreDataProperties.swift"; sourceTree = "<group>"; };
		585ED80B2D16DB4D0038C464 /* Rezeptbuch.sqlite */ = {isa = PBXFileReference; lastKnownFileType = file; name = Rezeptbuch.sqlite; path = Rezeptbuch/Assets.xcassets/Rezeptbuch.sqlite; sourceTree = "<group>"; };
		586AC7942BD9460E0060B08D /* textFieldArlert.swift */ = {isa = PBXFileReference; lastKnownFileType = sourcecode.swift; path = textFieldArlert.swift; sourceTree = "<group>"; };
		586AC7972BDA4D480060B08D /* Model.xcdatamodel */ = {isa = PBXFileReference; lastKnownFileType = wrapper.xcdatamodel; path = Model.xcdatamodel; sourceTree = "<group>"; };
		588222A52D05BC9E0011FFFE /* TagsSectionView.swift */ = {isa = PBXFileReference; lastKnownFileType = sourcecode.swift; path = TagsSectionView.swift; sourceTree = "<group>"; };
		588251CD2B99E106009370CF /* Rezeptbuch.app */ = {isa = PBXFileReference; explicitFileType = wrapper.application; includeInIndex = 0; path = Rezeptbuch.app; sourceTree = BUILT_PRODUCTS_DIR; };
		588251D02B99E106009370CF /* RezeptbuchApp.swift */ = {isa = PBXFileReference; lastKnownFileType = sourcecode.swift; path = RezeptbuchApp.swift; sourceTree = "<group>"; };
		588251D22B99E106009370CF /* Persistence.swift */ = {isa = PBXFileReference; lastKnownFileType = sourcecode.swift; path = Persistence.swift; sourceTree = "<group>"; };
		588251D72B99E106009370CF /* ContentView.swift */ = {isa = PBXFileReference; lastKnownFileType = sourcecode.swift; path = ContentView.swift; sourceTree = "<group>"; };
		588251D92B99E10A009370CF /* Assets.xcassets */ = {isa = PBXFileReference; lastKnownFileType = folder.assetcatalog; path = Assets.xcassets; sourceTree = "<group>"; };
		588251DB2B99E10A009370CF /* Rezeptbuch.entitlements */ = {isa = PBXFileReference; lastKnownFileType = text.plist.entitlements; path = Rezeptbuch.entitlements; sourceTree = "<group>"; };
		588251DD2B99E10A009370CF /* Preview Assets.xcassets */ = {isa = PBXFileReference; lastKnownFileType = folder.assetcatalog; path = "Preview Assets.xcassets"; sourceTree = "<group>"; };
		588BD3F62BC176610053904B /* CoreDataManager.swift */ = {isa = PBXFileReference; lastKnownFileType = sourcecode.swift; path = CoreDataManager.swift; sourceTree = "<group>"; };
		58A204032BB709F800659D63 /* Model.swift */ = {isa = PBXFileReference; lastKnownFileType = sourcecode.swift; path = Model.swift; sourceTree = "<group>"; };
		58AF20712BA58CDA00298B4A /* MacOs.swift */ = {isa = PBXFileReference; lastKnownFileType = sourcecode.swift; path = MacOs.swift; sourceTree = "<group>"; };
		58AF20952BB4788A00298B4A /* Info.plist */ = {isa = PBXFileReference; lastKnownFileType = text.plist; path = Info.plist; sourceTree = "<group>"; };
		58AF20962BB6D97000298B4A /* CookingModeView.swift */ = {isa = PBXFileReference; lastKnownFileType = sourcecode.swift; path = CookingModeView.swift; sourceTree = "<group>"; };
		58B8EA2D2CF3536A006F7CC3 /* DatabaseHelper.swift */ = {isa = PBXFileReference; lastKnownFileType = sourcecode.swift; path = DatabaseHelper.swift; sourceTree = "<group>"; };
		58C765EE2B9E2510001E6068 /* ViewController.swift */ = {isa = PBXFileReference; lastKnownFileType = sourcecode.swift; path = ViewController.swift; sourceTree = "<group>"; };
		58C765F22B9F0385001E6068 /* Buttons.swift */ = {isa = PBXFileReference; lastKnownFileType = sourcecode.swift; path = Buttons.swift; sourceTree = "<group>"; };
		58C765F42B9F0415001E6068 /* ViewModel.swift */ = {isa = PBXFileReference; lastKnownFileType = sourcecode.swift; path = ViewModel.swift; sourceTree = "<group>"; };
		58C765F62B9F185B001E6068 /* RezeptListView.swift */ = {isa = PBXFileReference; lastKnownFileType = sourcecode.swift; path = RezeptListView.swift; sourceTree = "<group>"; };
		58E3175C2DAD47C800499E7C /* FoodItem+CoreDataClass.swift */ = {isa = PBXFileReference; lastKnownFileType = sourcecode.swift; path = "FoodItem+CoreDataClass.swift"; sourceTree = "<group>"; };
		58E3175D2DAD47C800499E7C /* FoodItem+CoreDataProperties.swift */ = {isa = PBXFileReference; lastKnownFileType = sourcecode.swift; path = "FoodItem+CoreDataProperties.swift"; sourceTree = "<group>"; };
/* End PBXFileReference section */

/* Begin PBXFileSystemSynchronizedRootGroup section */
		584C1FC72D7D9F6C0039F91E /* RecipeView */ = {isa = PBXFileSystemSynchronizedRootGroup; explicitFileTypes = {}; explicitFolders = (); path = RecipeView; sourceTree = "<group>"; };
		584C1FCF2D80596F0039F91E /* Food */ = {isa = PBXFileSystemSynchronizedRootGroup; explicitFileTypes = {}; explicitFolders = (); path = Food; sourceTree = "<group>"; };
		58E317662DBA45BE00499E7C /* RecipeCreation */ = {isa = PBXFileSystemSynchronizedRootGroup; explicitFileTypes = {}; explicitFolders = (); path = RecipeCreation; sourceTree = "<group>"; };
/* End PBXFileSystemSynchronizedRootGroup section */

/* Begin PBXFrameworksBuildPhase section */
		588251CA2B99E106009370CF /* Frameworks */ = {
			isa = PBXFrameworksBuildPhase;
			buildActionMask = 2147483647;
			files = (
			);
			runOnlyForDeploymentPostprocessing = 0;
		};
/* End PBXFrameworksBuildPhase section */

/* Begin PBXGroup section */
		588251C42B99E106009370CF = {
			isa = PBXGroup;
			children = (
				585ED80B2D16DB4D0038C464 /* Rezeptbuch.sqlite */,
				588251CF2B99E106009370CF /* Rezeptbuch */,
				588251CE2B99E106009370CF /* Products */,
			);
			sourceTree = "<group>";
		};
		588251CE2B99E106009370CF /* Products */ = {
			isa = PBXGroup;
			children = (
				588251CD2B99E106009370CF /* Rezeptbuch.app */,
			);
			name = Products;
			sourceTree = "<group>";
		};
		588251CF2B99E106009370CF /* Rezeptbuch */ = {
			isa = PBXGroup;
			children = (
				58AF20952BB4788A00298B4A /* Info.plist */,
				588BD3B52BC162AB0053904B /* Model */,
				588251D02B99E106009370CF /* RezeptbuchApp.swift */,
				58AF20962BB6D97000298B4A /* CookingModeView.swift */,
				588251D22B99E106009370CF /* Persistence.swift */,
				586AC7962BDA4D480060B08D /* Model.xcdatamodeld */,
				588251D72B99E106009370CF /* ContentView.swift */,
				58C765EE2B9E2510001E6068 /* ViewController.swift */,
				583B4A582D881523000F7FD6 /* RecipePreviewView.swift */,
				58009CBE2CE77A76005FE4A8 /* StartData.swift */,
				584C1FCF2D80596F0039F91E /* Food */,
				588222A52D05BC9E0011FFFE /* TagsSectionView.swift */,
				58C765F42B9F0415001E6068 /* ViewModel.swift */,
				584C1FC72D7D9F6C0039F91E /* RecipeView */,
				58C765F62B9F185B001E6068 /* RezeptListView.swift */,
				58E317662DBA45BE00499E7C /* RecipeCreation */,
				586AC7942BD9460E0060B08D /* textFieldArlert.swift */,
				58A204032BB709F800659D63 /* Model.swift */,
				58AF20712BA58CDA00298B4A /* MacOs.swift */,
				5854E8922BD3E11300682265 /* iOS.swift */,
				58C765F22B9F0385001E6068 /* Buttons.swift */,
				588251D92B99E10A009370CF /* Assets.xcassets */,
				588251DB2B99E10A009370CF /* Rezeptbuch.entitlements */,
				588251DC2B99E10A009370CF /* Preview Content */,
			);
			path = Rezeptbuch;
			sourceTree = "<group>";
		};
		588251DC2B99E10A009370CF /* Preview Content */ = {
			isa = PBXGroup;
			children = (
				588251DD2B99E10A009370CF /* Preview Assets.xcassets */,
			);
			path = "Preview Content";
			sourceTree = "<group>";
		};
		588BD3B52BC162AB0053904B /* Model */ = {
			isa = PBXGroup;
			children = (
				585ED8072D16D78F0038C464 /* Food+CoreDataClass.swift */,
				585ED8082D16D78F0038C464 /* Food+CoreDataProperties.swift */,
				58E3175C2DAD47C800499E7C /* FoodItem+CoreDataClass.swift */,
				58E3175D2DAD47C800499E7C /* FoodItem+CoreDataProperties.swift */,
				585ED7EF2D16D4AD0038C464 /* NutritionFacts+CoreDataClass.swift */,
				585ED7F02D16D4AD0038C464 /* NutritionFacts+CoreDataProperties.swift */,
				585ED7F12D16D4AD0038C464 /* Recipebook+CoreDataClass.swift */,
				585ED7F22D16D4AD0038C464 /* Recipebook+CoreDataProperties.swift */,
				585ED7F32D16D4AD0038C464 /* Recipes+CoreDataClass.swift */,
				585ED7F42D16D4AD0038C464 /* Recipes+CoreDataProperties.swift */,
				585ED7F52D16D4AD0038C464 /* Tag+CoreDataClass.swift */,
				585ED7F62D16D4AD0038C464 /* Tag+CoreDataProperties.swift */,
				588BD3F62BC176610053904B /* CoreDataManager.swift */,
				58B8EA2D2CF3536A006F7CC3 /* DatabaseHelper.swift */,
				58245C772BE515BE00F4179E /* ShareSheet.swift */,
			);
			path = Model;
			sourceTree = "<group>";
		};
/* End PBXGroup section */

/* Begin PBXNativeTarget section */
		588251CC2B99E106009370CF /* Rezeptbuch */ = {
			isa = PBXNativeTarget;
			buildConfigurationList = 588251E12B99E10A009370CF /* Build configuration list for PBXNativeTarget "Rezeptbuch" */;
			buildPhases = (
				588251C92B99E106009370CF /* Sources */,
				588251CA2B99E106009370CF /* Frameworks */,
				588251CB2B99E106009370CF /* Resources */,
			);
			buildRules = (
			);
			dependencies = (
			);
			fileSystemSynchronizedGroups = (
				584C1FC72D7D9F6C0039F91E /* RecipeView */,
				584C1FCF2D80596F0039F91E /* Food */,
				58E317662DBA45BE00499E7C /* RecipeCreation */,
			);
			name = Rezeptbuch;
			productName = Rezeptbuch;
			productReference = 588251CD2B99E106009370CF /* Rezeptbuch.app */;
			productType = "com.apple.product-type.application";
		};
/* End PBXNativeTarget section */

/* Begin PBXProject section */
		588251C52B99E106009370CF /* Project object */ = {
			isa = PBXProject;
			attributes = {
				BuildIndependentTargetsInParallel = 1;
				KnownAssetTags = (
					Data,
				);
				LastSwiftUpdateCheck = 1530;
				LastUpgradeCheck = 1530;
				TargetAttributes = {
					588251CC2B99E106009370CF = {
						CreatedOnToolsVersion = 15.3;
					};
				};
			};
			buildConfigurationList = 588251C82B99E106009370CF /* Build configuration list for PBXProject "Rezeptbuch" */;
			compatibilityVersion = "Xcode 15.0";
			developmentRegion = en;
			hasScannedForEncodings = 0;
			knownRegions = (
				en,
				Base,
			);
			mainGroup = 588251C42B99E106009370CF;
			productRefGroup = 588251CE2B99E106009370CF /* Products */;
			projectDirPath = "";
			projectRoot = "";
			targets = (
				588251CC2B99E106009370CF /* Rezeptbuch */,
			);
		};
/* End PBXProject section */

/* Begin PBXResourcesBuildPhase section */
		588251CB2B99E106009370CF /* Resources */ = {
			isa = PBXResourcesBuildPhase;
			buildActionMask = 2147483647;
			files = (
				585ED80C2D16DB4D0038C464 /* Rezeptbuch.sqlite in Resources */,
				588251DE2B99E10A009370CF /* Preview Assets.xcassets in Resources */,
				588251DA2B99E10A009370CF /* Assets.xcassets in Resources */,
			);
			runOnlyForDeploymentPostprocessing = 0;
		};
/* End PBXResourcesBuildPhase section */

/* Begin PBXSourcesBuildPhase section */
		588251C92B99E106009370CF /* Sources */ = {
			isa = PBXSourcesBuildPhase;
			buildActionMask = 2147483647;
			files = (
				58C765F32B9F0385001E6068 /* Buttons.swift in Sources */,
				58245C782BE515BE00F4179E /* ShareSheet.swift in Sources */,
				58C765EF2B9E2510001E6068 /* ViewController.swift in Sources */,
				58C765F72B9F185B001E6068 /* RezeptListView.swift in Sources */,
				588BD3F72BC176610053904B /* CoreDataManager.swift in Sources */,
				586AC7952BD9460E0060B08D /* textFieldArlert.swift in Sources */,
				58009CBF2CE77A76005FE4A8 /* StartData.swift in Sources */,
				586AC7982BDA4D480060B08D /* Model.xcdatamodeld in Sources */,
				5854E8932BD3E11300682265 /* iOS.swift in Sources */,
				588251D12B99E106009370CF /* RezeptbuchApp.swift in Sources */,
				58B8EA2E2CF3536A006F7CC3 /* DatabaseHelper.swift in Sources */,
				585ED8092D16D78F0038C464 /* Food+CoreDataClass.swift in Sources */,
				585ED80A2D16D78F0038C464 /* Food+CoreDataProperties.swift in Sources */,
				58A204042BB709F800659D63 /* Model.swift in Sources */,
				588222A62D05BC9E0011FFFE /* TagsSectionView.swift in Sources */,
				585ED7FB2D16D4AD0038C464 /* NutritionFacts+CoreDataClass.swift in Sources */,
				583B4A592D881523000F7FD6 /* RecipePreviewView.swift in Sources */,
				585ED7FC2D16D4AD0038C464 /* NutritionFacts+CoreDataProperties.swift in Sources */,
				585ED7FD2D16D4AD0038C464 /* Recipebook+CoreDataClass.swift in Sources */,
				585ED7FE2D16D4AD0038C464 /* Recipebook+CoreDataProperties.swift in Sources */,
				585ED7FF2D16D4AD0038C464 /* Recipes+CoreDataClass.swift in Sources */,
				585ED8002D16D4AD0038C464 /* Recipes+CoreDataProperties.swift in Sources */,
				585ED8012D16D4AD0038C464 /* Tag+CoreDataClass.swift in Sources */,
				585ED8022D16D4AD0038C464 /* Tag+CoreDataProperties.swift in Sources */,
				58AF20972BB6D97100298B4A /* CookingModeView.swift in Sources */,
				588251D82B99E106009370CF /* ContentView.swift in Sources */,
				58C765F52B9F0415001E6068 /* ViewModel.swift in Sources */,
				58E3175E2DAD47C800499E7C /* FoodItem+CoreDataProperties.swift in Sources */,
				58E3175F2DAD47C800499E7C /* FoodItem+CoreDataClass.swift in Sources */,
				58AF20722BA58CDA00298B4A /* MacOs.swift in Sources */,
				588251D32B99E106009370CF /* Persistence.swift in Sources */,
			);
			runOnlyForDeploymentPostprocessing = 0;
		};
/* End PBXSourcesBuildPhase section */

/* Begin XCBuildConfiguration section */
		588251DF2B99E10A009370CF /* Debug */ = {
			isa = XCBuildConfiguration;
			buildSettings = {
				ALWAYS_SEARCH_USER_PATHS = NO;
				ASSETCATALOG_COMPILER_GENERATE_SWIFT_ASSET_SYMBOL_EXTENSIONS = YES;
				CLANG_ANALYZER_NONNULL = YES;
				CLANG_ANALYZER_NUMBER_OBJECT_CONVERSION = YES_AGGRESSIVE;
				CLANG_CXX_LANGUAGE_STANDARD = "gnu++20";
				CLANG_ENABLE_MODULES = YES;
				CLANG_ENABLE_OBJC_ARC = YES;
				CLANG_ENABLE_OBJC_WEAK = YES;
				CLANG_WARN_BLOCK_CAPTURE_AUTORELEASING = YES;
				CLANG_WARN_BOOL_CONVERSION = YES;
				CLANG_WARN_COMMA = YES;
				CLANG_WARN_CONSTANT_CONVERSION = YES;
				CLANG_WARN_DEPRECATED_OBJC_IMPLEMENTATIONS = YES;
				CLANG_WARN_DIRECT_OBJC_ISA_USAGE = YES_ERROR;
				CLANG_WARN_DOCUMENTATION_COMMENTS = YES;
				CLANG_WARN_EMPTY_BODY = YES;
				CLANG_WARN_ENUM_CONVERSION = YES;
				CLANG_WARN_INFINITE_RECURSION = YES;
				CLANG_WARN_INT_CONVERSION = YES;
				CLANG_WARN_NON_LITERAL_NULL_CONVERSION = YES;
				CLANG_WARN_OBJC_IMPLICIT_RETAIN_SELF = YES;
				CLANG_WARN_OBJC_LITERAL_CONVERSION = YES;
				CLANG_WARN_OBJC_ROOT_CLASS = YES_ERROR;
				CLANG_WARN_QUOTED_INCLUDE_IN_FRAMEWORK_HEADER = YES;
				CLANG_WARN_RANGE_LOOP_ANALYSIS = YES;
				CLANG_WARN_STRICT_PROTOTYPES = YES;
				CLANG_WARN_SUSPICIOUS_MOVE = YES;
				CLANG_WARN_UNGUARDED_AVAILABILITY = YES_AGGRESSIVE;
				CLANG_WARN_UNREACHABLE_CODE = YES;
				CLANG_WARN__DUPLICATE_METHOD_MATCH = YES;
				COPY_PHASE_STRIP = NO;
				DEBUG_INFORMATION_FORMAT = dwarf;
				ENABLE_STRICT_OBJC_MSGSEND = YES;
				ENABLE_TESTABILITY = YES;
				ENABLE_USER_SCRIPT_SANDBOXING = YES;
				GCC_C_LANGUAGE_STANDARD = gnu17;
				GCC_DYNAMIC_NO_PIC = NO;
				GCC_NO_COMMON_BLOCKS = YES;
				GCC_OPTIMIZATION_LEVEL = 0;
				GCC_PREPROCESSOR_DEFINITIONS = (
					"DEBUG=1",
					"$(inherited)",
				);
				GCC_WARN_64_TO_32_BIT_CONVERSION = YES;
				GCC_WARN_ABOUT_RETURN_TYPE = YES_ERROR;
				GCC_WARN_UNDECLARED_SELECTOR = YES;
				GCC_WARN_UNINITIALIZED_AUTOS = YES_AGGRESSIVE;
				GCC_WARN_UNUSED_FUNCTION = YES;
				GCC_WARN_UNUSED_VARIABLE = YES;
				LOCALIZATION_PREFERS_STRING_CATALOGS = YES;
				MTL_ENABLE_DEBUG_INFO = INCLUDE_SOURCE;
				MTL_FAST_MATH = YES;
				ONLY_ACTIVE_ARCH = YES;
				SWIFT_ACTIVE_COMPILATION_CONDITIONS = "DEBUG $(inherited)";
				SWIFT_OPTIMIZATION_LEVEL = "-Onone";
			};
			name = Debug;
		};
		588251E02B99E10A009370CF /* Release */ = {
			isa = XCBuildConfiguration;
			buildSettings = {
				ALWAYS_SEARCH_USER_PATHS = NO;
				ASSETCATALOG_COMPILER_GENERATE_SWIFT_ASSET_SYMBOL_EXTENSIONS = YES;
				CLANG_ANALYZER_NONNULL = YES;
				CLANG_ANALYZER_NUMBER_OBJECT_CONVERSION = YES_AGGRESSIVE;
				CLANG_CXX_LANGUAGE_STANDARD = "gnu++20";
				CLANG_ENABLE_MODULES = YES;
				CLANG_ENABLE_OBJC_ARC = YES;
				CLANG_ENABLE_OBJC_WEAK = YES;
				CLANG_WARN_BLOCK_CAPTURE_AUTORELEASING = YES;
				CLANG_WARN_BOOL_CONVERSION = YES;
				CLANG_WARN_COMMA = YES;
				CLANG_WARN_CONSTANT_CONVERSION = YES;
				CLANG_WARN_DEPRECATED_OBJC_IMPLEMENTATIONS = YES;
				CLANG_WARN_DIRECT_OBJC_ISA_USAGE = YES_ERROR;
				CLANG_WARN_DOCUMENTATION_COMMENTS = YES;
				CLANG_WARN_EMPTY_BODY = YES;
				CLANG_WARN_ENUM_CONVERSION = YES;
				CLANG_WARN_INFINITE_RECURSION = YES;
				CLANG_WARN_INT_CONVERSION = YES;
				CLANG_WARN_NON_LITERAL_NULL_CONVERSION = YES;
				CLANG_WARN_OBJC_IMPLICIT_RETAIN_SELF = YES;
				CLANG_WARN_OBJC_LITERAL_CONVERSION = YES;
				CLANG_WARN_OBJC_ROOT_CLASS = YES_ERROR;
				CLANG_WARN_QUOTED_INCLUDE_IN_FRAMEWORK_HEADER = YES;
				CLANG_WARN_RANGE_LOOP_ANALYSIS = YES;
				CLANG_WARN_STRICT_PROTOTYPES = YES;
				CLANG_WARN_SUSPICIOUS_MOVE = YES;
				CLANG_WARN_UNGUARDED_AVAILABILITY = YES_AGGRESSIVE;
				CLANG_WARN_UNREACHABLE_CODE = YES;
				CLANG_WARN__DUPLICATE_METHOD_MATCH = YES;
				COPY_PHASE_STRIP = NO;
				DEBUG_INFORMATION_FORMAT = "dwarf-with-dsym";
				ENABLE_NS_ASSERTIONS = NO;
				ENABLE_STRICT_OBJC_MSGSEND = YES;
				ENABLE_USER_SCRIPT_SANDBOXING = YES;
				GCC_C_LANGUAGE_STANDARD = gnu17;
				GCC_NO_COMMON_BLOCKS = YES;
				GCC_WARN_64_TO_32_BIT_CONVERSION = YES;
				GCC_WARN_ABOUT_RETURN_TYPE = YES_ERROR;
				GCC_WARN_UNDECLARED_SELECTOR = YES;
				GCC_WARN_UNINITIALIZED_AUTOS = YES_AGGRESSIVE;
				GCC_WARN_UNUSED_FUNCTION = YES;
				GCC_WARN_UNUSED_VARIABLE = YES;
				LOCALIZATION_PREFERS_STRING_CATALOGS = YES;
				MTL_ENABLE_DEBUG_INFO = NO;
				MTL_FAST_MATH = YES;
				SWIFT_COMPILATION_MODE = wholemodule;
			};
			name = Release;
		};
		588251E22B99E10A009370CF /* Debug */ = {
			isa = XCBuildConfiguration;
			buildSettings = {
				ASSETCATALOG_COMPILER_APPICON_NAME = AppIcon;
				ASSETCATALOG_COMPILER_GLOBAL_ACCENT_COLOR_NAME = AccentColor;
				CODE_SIGN_ENTITLEMENTS = Rezeptbuch/Rezeptbuch.entitlements;
				CODE_SIGN_IDENTITY = "Apple Development";
				CODE_SIGN_STYLE = Automatic;
				CURRENT_PROJECT_VERSION = 1;
				DEVELOPMENT_ASSET_PATHS = "\"Rezeptbuch/Preview Content\"";
				DEVELOPMENT_TEAM = 8H84RQ5HTB;
				ENABLE_HARDENED_RUNTIME = YES;
				"ENABLE_HARDENED_RUNTIME[sdk=macosx*]" = YES;
				ENABLE_PREVIEWS = YES;
				GENERATE_INFOPLIST_FILE = YES;
				INFOPLIST_FILE = Rezeptbuch/Info.plist;
				INFOPLIST_KEY_LSSupportsOpeningDocumentsInPlace = YES;
				INFOPLIST_KEY_NSCameraUsageDescription = "App möchte auf die Kamera zugreifen";
				INFOPLIST_KEY_NSMicrophoneUsageDescription = "App möchte auf das Mikrofon zugreifen";
				INFOPLIST_KEY_NSSpeechRecognitionUsageDescription = "App möchte auf die Spracheingabe zugreifen";
				"INFOPLIST_KEY_UIApplicationSceneManifest_Generation[sdk=iphoneos*]" = YES;
				"INFOPLIST_KEY_UIApplicationSceneManifest_Generation[sdk=iphonesimulator*]" = YES;
				"INFOPLIST_KEY_UIApplicationSupportsIndirectInputEvents[sdk=iphoneos*]" = YES;
				"INFOPLIST_KEY_UIApplicationSupportsIndirectInputEvents[sdk=iphonesimulator*]" = YES;
				"INFOPLIST_KEY_UILaunchScreen_Generation[sdk=iphoneos*]" = YES;
				"INFOPLIST_KEY_UILaunchScreen_Generation[sdk=iphonesimulator*]" = YES;
				"INFOPLIST_KEY_UIStatusBarStyle[sdk=iphoneos*]" = UIStatusBarStyleDefault;
				"INFOPLIST_KEY_UIStatusBarStyle[sdk=iphonesimulator*]" = UIStatusBarStyleDefault;
				INFOPLIST_KEY_UISupportedInterfaceOrientations_iPad = "UIInterfaceOrientationPortrait UIInterfaceOrientationPortraitUpsideDown UIInterfaceOrientationLandscapeLeft UIInterfaceOrientationLandscapeRight";
				INFOPLIST_KEY_UISupportedInterfaceOrientations_iPhone = "UIInterfaceOrientationPortrait UIInterfaceOrientationLandscapeLeft UIInterfaceOrientationLandscapeRight";
				INFOPLIST_KEY_UISupportsDocumentBrowser = YES;
				IPHONEOS_DEPLOYMENT_TARGET = 17.0;
				LD_RUNPATH_SEARCH_PATHS = "@executable_path/Frameworks";
				"LD_RUNPATH_SEARCH_PATHS[sdk=macosx*]" = "@executable_path/../Frameworks";
				MACOSX_DEPLOYMENT_TARGET = 13.0;
				MARKETING_VERSION = 1.0;
				PRODUCT_BUNDLE_IDENTIFIER = Discovery.Rezeptbuch;
				PRODUCT_NAME = "$(TARGET_NAME)";
				PROVISIONING_PROFILE_SPECIFIER = "";
				SDKROOT = auto;
				SUPPORTED_PLATFORMS = "iphoneos iphonesimulator macosx";
				SWIFT_EMIT_LOC_STRINGS = YES;
				SWIFT_VERSION = 5.0;
				TARGETED_DEVICE_FAMILY = "1,2";
			};
			name = Debug;
		};
		588251E32B99E10A009370CF /* Release */ = {
			isa = XCBuildConfiguration;
			buildSettings = {
				ASSETCATALOG_COMPILER_APPICON_NAME = AppIcon;
				ASSETCATALOG_COMPILER_GLOBAL_ACCENT_COLOR_NAME = AccentColor;
				CODE_SIGN_ENTITLEMENTS = Rezeptbuch/Rezeptbuch.entitlements;
				CODE_SIGN_IDENTITY = "Apple Development";
				CODE_SIGN_STYLE = Automatic;
				CURRENT_PROJECT_VERSION = 1;
				DEVELOPMENT_ASSET_PATHS = "\"Rezeptbuch/Preview Content\"";
				DEVELOPMENT_TEAM = 8H84RQ5HTB;
				ENABLE_HARDENED_RUNTIME = YES;
				"ENABLE_HARDENED_RUNTIME[sdk=macosx*]" = YES;
				ENABLE_PREVIEWS = YES;
				GENERATE_INFOPLIST_FILE = YES;
				INFOPLIST_FILE = Rezeptbuch/Info.plist;
				INFOPLIST_KEY_LSSupportsOpeningDocumentsInPlace = YES;
				INFOPLIST_KEY_NSCameraUsageDescription = "App möchte auf die Kamera zugreifen";
				INFOPLIST_KEY_NSMicrophoneUsageDescription = "App möchte auf das Mikrofon zugreifen";
				INFOPLIST_KEY_NSSpeechRecognitionUsageDescription = "App möchte auf die Spracheingabe zugreifen";
				"INFOPLIST_KEY_UIApplicationSceneManifest_Generation[sdk=iphoneos*]" = YES;
				"INFOPLIST_KEY_UIApplicationSceneManifest_Generation[sdk=iphonesimulator*]" = YES;
				"INFOPLIST_KEY_UIApplicationSupportsIndirectInputEvents[sdk=iphoneos*]" = YES;
				"INFOPLIST_KEY_UIApplicationSupportsIndirectInputEvents[sdk=iphonesimulator*]" = YES;
				"INFOPLIST_KEY_UILaunchScreen_Generation[sdk=iphoneos*]" = YES;
				"INFOPLIST_KEY_UILaunchScreen_Generation[sdk=iphonesimulator*]" = YES;
				"INFOPLIST_KEY_UIStatusBarStyle[sdk=iphoneos*]" = UIStatusBarStyleDefault;
				"INFOPLIST_KEY_UIStatusBarStyle[sdk=iphonesimulator*]" = UIStatusBarStyleDefault;
				INFOPLIST_KEY_UISupportedInterfaceOrientations_iPad = "UIInterfaceOrientationPortrait UIInterfaceOrientationPortraitUpsideDown UIInterfaceOrientationLandscapeLeft UIInterfaceOrientationLandscapeRight";
				INFOPLIST_KEY_UISupportedInterfaceOrientations_iPhone = "UIInterfaceOrientationPortrait UIInterfaceOrientationLandscapeLeft UIInterfaceOrientationLandscapeRight";
				INFOPLIST_KEY_UISupportsDocumentBrowser = YES;
				IPHONEOS_DEPLOYMENT_TARGET = 17.0;
				LD_RUNPATH_SEARCH_PATHS = "@executable_path/Frameworks";
				"LD_RUNPATH_SEARCH_PATHS[sdk=macosx*]" = "@executable_path/../Frameworks";
				MACOSX_DEPLOYMENT_TARGET = 13.0;
				MARKETING_VERSION = 1.0;
				PRODUCT_BUNDLE_IDENTIFIER = Discovery.Rezeptbuch;
				PRODUCT_NAME = "$(TARGET_NAME)";
				PROVISIONING_PROFILE_SPECIFIER = "";
				SDKROOT = auto;
				SUPPORTED_PLATFORMS = "iphoneos iphonesimulator macosx";
				SWIFT_EMIT_LOC_STRINGS = YES;
				SWIFT_VERSION = 5.0;
				TARGETED_DEVICE_FAMILY = "1,2";
			};
			name = Release;
		};
/* End XCBuildConfiguration section */

/* Begin XCConfigurationList section */
		588251C82B99E106009370CF /* Build configuration list for PBXProject "Rezeptbuch" */ = {
			isa = XCConfigurationList;
			buildConfigurations = (
				588251DF2B99E10A009370CF /* Debug */,
				588251E02B99E10A009370CF /* Release */,
			);
			defaultConfigurationIsVisible = 0;
			defaultConfigurationName = Release;
		};
		588251E12B99E10A009370CF /* Build configuration list for PBXNativeTarget "Rezeptbuch" */ = {
			isa = XCConfigurationList;
			buildConfigurations = (
				588251E22B99E10A009370CF /* Debug */,
				588251E32B99E10A009370CF /* Release */,
			);
			defaultConfigurationIsVisible = 0;
			defaultConfigurationName = Release;
		};
/* End XCConfigurationList section */

/* Begin XCVersionGroup section */
		586AC7962BDA4D480060B08D /* Model.xcdatamodeld */ = {
			isa = XCVersionGroup;
			children = (
				586AC7972BDA4D480060B08D /* Model.xcdatamodel */,
			);
			currentVersion = 586AC7972BDA4D480060B08D /* Model.xcdatamodel */;
			name = Model.xcdatamodeld;
			path = /Users/annarieckmann/Documents/GitHub/Rezeptbuch/Rezeptbuch/Rezeptbuch/Model.xcdatamodeld;
			sourceTree = "<group>";
			versionGroupType = wrapper.xcdatamodel;
		};
/* End XCVersionGroup section */
	};
	rootObject = 588251C52B99E106009370CF /* Project object */;
}
